
Microsoft Visual Studio Solution File, Format Version 12.00
# Visual Studio Version 16
VisualStudioVersion = 16.0.31321.278
MinimumVisualStudioVersion = 10.0.40219.1
Project("{9A19103F-16F7-4668-BE54-9A1E7A4F7556}") = "Deck.Surf", "Deck.Surf\Deck.Surf.csproj", "{6459234A-C61B-4346-991C-684D5BC9A07F}"
EndProject
Project("{9A19103F-16F7-4668-BE54-9A1E7A4F7556}") = "Deck.Surf.SDK", "Deck.Surf.SDK\Deck.Surf.SDK.csproj", "{D43C5F7D-5A6A-4C89-BDDA-2AFF4C9EC216}"
EndProject
Project("{9A19103F-16F7-4668-BE54-9A1E7A4F7556}") = "Deck.Surf.Plugin.Barn", "Deck.Surf.Plugin.Barn\Deck.Surf.Plugin.Barn.csproj", "{0ED6CEEF-C035-442D-9BA6-DEDCA5D687F8}"
EndProject
Global
	GlobalSection(SolutionConfigurationPlatforms) = preSolution
		Debug|Any CPU = Debug|Any CPU
		Debug|x64 = Debug|x64
		Release|Any CPU = Release|Any CPU
		Release|x64 = Release|x64
	EndGlobalSection
	GlobalSection(ProjectConfigurationPlatforms) = postSolution
		{6459234A-C61B-4346-991C-684D5BC9A07F}.Debug|Any CPU.ActiveCfg = Debug|x64
		{6459234A-C61B-4346-991C-684D5BC9A07F}.Debug|Any CPU.Build.0 = Debug|x64
		{6459234A-C61B-4346-991C-684D5BC9A07F}.Debug|x64.ActiveCfg = Debug|x64
		{6459234A-C61B-4346-991C-684D5BC9A07F}.Debug|x64.Build.0 = Debug|x64
		{6459234A-C61B-4346-991C-684D5BC9A07F}.Release|Any CPU.ActiveCfg = Release|Any CPU
		{6459234A-C61B-4346-991C-684D5BC9A07F}.Release|Any CPU.Build.0 = Release|Any CPU
		{6459234A-C61B-4346-991C-684D5BC9A07F}.Release|x64.ActiveCfg = Release|x64
		{6459234A-C61B-4346-991C-684D5BC9A07F}.Release|x64.Build.0 = Release|x64
		{D43C5F7D-5A6A-4C89-BDDA-2AFF4C9EC216}.Debug|Any CPU.ActiveCfg = Debug|x64
		{D43C5F7D-5A6A-4C89-BDDA-2AFF4C9EC216}.Debug|Any CPU.Build.0 = Debug|x64
		{D43C5F7D-5A6A-4C89-BDDA-2AFF4C9EC216}.Debug|x64.ActiveCfg = Debug|x64
		{D43C5F7D-5A6A-4C89-BDDA-2AFF4C9EC216}.Debug|x64.Build.0 = Debug|x64
		{D43C5F7D-5A6A-4C89-BDDA-2AFF4C9EC216}.Release|Any CPU.ActiveCfg = Release|Any CPU
		{D43C5F7D-5A6A-4C89-BDDA-2AFF4C9EC216}.Release|Any CPU.Build.0 = Release|Any CPU
		{D43C5F7D-5A6A-4C89-BDDA-2AFF4C9EC216}.Release|x64.ActiveCfg = Release|x64
		{D43C5F7D-5A6A-4C89-BDDA-2AFF4C9EC216}.Release|x64.Build.0 = Release|x64
		{0ED6CEEF-C035-442D-9BA6-DEDCA5D687F8}.Debug|Any CPU.ActiveCfg = Debug|x64
		{0ED6CEEF-C035-442D-9BA6-DEDCA5D687F8}.Debug|Any CPU.Build.0 = Debug|x64
		{0ED6CEEF-C035-442D-9BA6-DEDCA5D687F8}.Debug|x64.ActiveCfg = Debug|x64
		{0ED6CEEF-C035-442D-9BA6-DEDCA5D687F8}.Debug|x64.Build.0 = Debug|x64
		{0ED6CEEF-C035-442D-9BA6-DEDCA5D687F8}.Release|Any CPU.ActiveCfg = Release|Any CPU
		{0ED6CEEF-C035-442D-9BA6-DEDCA5D687F8}.Release|Any CPU.Build.0 = Release|Any CPU
		{0ED6CEEF-C035-442D-9BA6-DEDCA5D687F8}.Release|x64.ActiveCfg = Release|x64
		{0ED6CEEF-C035-442D-9BA6-DEDCA5D687F8}.Release|x64.Build.0 = Release|x64
	EndGlobalSection
	GlobalSection(SolutionProperties) = preSolution
		HideSolutionNode = FALSE
	EndGlobalSection
	GlobalSection(ExtensibilityGlobals) = postSolution
		SolutionGuid = {13F1FE78-3B1F-4DEC-99CD-7960BAC3D4C8}
	EndGlobalSection
EndGlobal
